
Microsoft Visual Studio Solution File, Format Version 12.00
# Visual Studio Version 17
VisualStudioVersion = 17.6.33829.357
MinimumVisualStudioVersion = 10.0.40219.1
Project("{FAE04EC0-301F-11D3-BF4B-00C04F79EFBC}") = "Merge_Strings_Alternately", "Merge_Strings_Alternately\Merge_Strings_Alternately.csproj", "{02B70C55-6F4E-48A5-90DA-39ABEB3F7362}"
EndProject
Global
	GlobalSection(SolutionConfigurationPlatforms) = preSolution
		Debug|Any CPU = Debug|Any CPU
		Release|Any CPU = Release|Any CPU
	EndGlobalSection
	GlobalSection(ProjectConfigurationPlatforms) = postSolution
		{02B70C55-6F4E-48A5-90DA-39ABEB3F7362}.Debug|Any CPU.ActiveCfg = Debug|Any CPU
		{02B70C55-6F4E-48A5-90DA-39ABEB3F7362}.Debug|Any CPU.Build.0 = Debug|Any CPU
		{02B70C55-6F4E-48A5-90DA-39ABEB3F7362}.Release|Any CPU.ActiveCfg = Release|Any CPU
		{02B70C55-6F4E-48A5-90DA-39ABEB3F7362}.Release|Any CPU.Build.0 = Release|Any CPU
	EndGlobalSection
	GlobalSection(SolutionProperties) = preSolution
		HideSolutionNode = FALSE
	EndGlobalSection
	GlobalSection(ExtensibilityGlobals) = postSolution
		SolutionGuid = {4400140B-2538-4D21-A6FF-DF41A97A0825}
	EndGlobalSection
EndGlobal
